// !$*UTF8*$!
{
	archiveVersion = 1;
	classes = {
	};
	objectVersion = 50;
	objects = {

/* Begin PBXBuildFile section */
		FC43BA75228EB32800181337 /* AppDelegate.swift in Sources */ = {isa = PBXBuildFile; fileRef = FC43BA74228EB32800181337 /* AppDelegate.swift */; };
		FC43BA77228EB32800181337 /* ViewController.swift in Sources */ = {isa = PBXBuildFile; fileRef = FC43BA76228EB32800181337 /* ViewController.swift */; };
		FC43BA7A228EB32800181337 /* Main.storyboard in Resources */ = {isa = PBXBuildFile; fileRef = FC43BA78228EB32800181337 /* Main.storyboard */; };
		FC43BA7C228EB32900181337 /* Assets.xcassets in Resources */ = {isa = PBXBuildFile; fileRef = FC43BA7B228EB32900181337 /* Assets.xcassets */; };
		FC43BA7F228EB32900181337 /* LaunchScreen.storyboard in Resources */ = {isa = PBXBuildFile; fileRef = FC43BA7D228EB32900181337 /* LaunchScreen.storyboard */; };
		FCAE8200229287CA0072D4B8 /* lagu.mp3 in Resources */ = {isa = PBXBuildFile; fileRef = FCAE81FB229287CA0072D4B8 /* lagu.mp3 */; };
		FCAE8201229287CA0072D4B8 /* wind.wav in Resources */ = {isa = PBXBuildFile; fileRef = FCAE81FC229287CA0072D4B8 /* wind.wav */; };
		FCAE8202229287CA0072D4B8 /* fireplace.wav in Resources */ = {isa = PBXBuildFile; fileRef = FCAE81FD229287CA0072D4B8 /* fireplace.wav */; };
		FCAE8203229287CA0072D4B8 /* bird.wav in Resources */ = {isa = PBXBuildFile; fileRef = FCAE81FE229287CA0072D4B8 /* bird.wav */; };
		FCAE8204229287CA0072D4B8 /* water.wav in Resources */ = {isa = PBXBuildFile; fileRef = FCAE81FF229287CA0072D4B8 /* water.wav */; };
/* End PBXBuildFile section */

/* Begin PBXFileReference section */
		FC2779642292803D00AF39EF /* music */ = {isa = PBXFileReference; lastKnownFileType = folder; name = music; path = ../../../../.Trash/music; sourceTree = "<group>"; };
		FC43BA71228EB32800181337 /* calmKit.app */ = {isa = PBXFileReference; explicitFileType = wrapper.application; includeInIndex = 0; path = calmKit.app; sourceTree = BUILT_PRODUCTS_DIR; };
		FC43BA74228EB32800181337 /* AppDelegate.swift */ = {isa = PBXFileReference; lastKnownFileType = sourcecode.swift; path = AppDelegate.swift; sourceTree = "<group>"; };
		FC43BA76228EB32800181337 /* ViewController.swift */ = {isa = PBXFileReference; lastKnownFileType = sourcecode.swift; path = ViewController.swift; sourceTree = "<group>"; };
		FC43BA79228EB32800181337 /* Base */ = {isa = PBXFileReference; lastKnownFileType = file.storyboard; name = Base; path = Base.lproj/Main.storyboard; sourceTree = "<group>"; };
		FC43BA7B228EB32900181337 /* Assets.xcassets */ = {isa = PBXFileReference; lastKnownFileType = folder.assetcatalog; path = Assets.xcassets; sourceTree = "<group>"; };
		FC43BA7E228EB32900181337 /* Base */ = {isa = PBXFileReference; lastKnownFileType = file.storyboard; name = Base; path = Base.lproj/LaunchScreen.storyboard; sourceTree = "<group>"; };
		FC43BA80228EB32900181337 /* Info.plist */ = {isa = PBXFileReference; lastKnownFileType = text.plist.xml; path = Info.plist; sourceTree = "<group>"; };
		FCAE81FB229287CA0072D4B8 /* lagu.mp3 */ = {isa = PBXFileReference; lastKnownFileType = audio.mp3; name = lagu.mp3; path = calmKit/music/lagu.mp3; sourceTree = SOURCE_ROOT; };
		FCAE81FC229287CA0072D4B8 /* wind.wav */ = {isa = PBXFileReference; lastKnownFileType = audio.wav; name = wind.wav; path = calmKit/music/wind.wav; sourceTree = SOURCE_ROOT; };
		FCAE81FD229287CA0072D4B8 /* fireplace.wav */ = {isa = PBXFileReference; lastKnownFileType = audio.wav; name = fireplace.wav; path = calmKit/music/fireplace.wav; sourceTree = SOURCE_ROOT; };
		FCAE81FE229287CA0072D4B8 /* bird.wav */ = {isa = PBXFileReference; lastKnownFileType = audio.wav; name = bird.wav; path = calmKit/music/bird.wav; sourceTree = SOURCE_ROOT; };
		FCAE81FF229287CA0072D4B8 /* water.wav */ = {isa = PBXFileReference; lastKnownFileType = audio.wav; name = water.wav; path = calmKit/music/water.wav; sourceTree = SOURCE_ROOT; };
/* End PBXFileReference section */

/* Begin PBXFrameworksBuildPhase section */
		FC43BA6E228EB32800181337 /* Frameworks */ = {
			isa = PBXFrameworksBuildPhase;
			buildActionMask = 2147483647;
			files = (
			);
			runOnlyForDeploymentPostprocessing = 0;
		};
/* End PBXFrameworksBuildPhase section */

/* Begin PBXGroup section */
		FC43BA68228EB32800181337 = {
			isa = PBXGroup;
			children = (
				FCAE81FA229287A70072D4B8 /* music */,
				FC43BA73228EB32800181337 /* calmKit */,
				FC43BA72228EB32800181337 /* Products */,
			);
			sourceTree = "<group>";
		};
		FC43BA72228EB32800181337 /* Products */ = {
			isa = PBXGroup;
			children = (
				FC43BA71228EB32800181337 /* calmKit.app */,
			);
			name = Products;
			sourceTree = "<group>";
		};
		FC43BA73228EB32800181337 /* calmKit */ = {
			isa = PBXGroup;
			children = (
				FC43BA74228EB32800181337 /* AppDelegate.swift */,
				FC43BA76228EB32800181337 /* ViewController.swift */,
				FC43BA78228EB32800181337 /* Main.storyboard */,
				FC43BA7B228EB32900181337 /* Assets.xcassets */,
				FC43BA7D228EB32900181337 /* LaunchScreen.storyboard */,
				FC43BA80228EB32900181337 /* Info.plist */,
				FC2779642292803D00AF39EF /* music */,
			);
			path = calmKit;
			sourceTree = "<group>";
		};
		FCAE81FA229287A70072D4B8 /* music */ = {
			isa = PBXGroup;
			children = (
				FCAE81FE229287CA0072D4B8 /* bird.wav */,
				FCAE81FD229287CA0072D4B8 /* fireplace.wav */,
				FCAE81FB229287CA0072D4B8 /* lagu.mp3 */,
				FCAE81FF229287CA0072D4B8 /* water.wav */,
				FCAE81FC229287CA0072D4B8 /* wind.wav */,
			);
			path = music;
			sourceTree = "<group>";
		};
/* End PBXGroup section */

/* Begin PBXNativeTarget section */
		FC43BA70228EB32800181337 /* calmKit */ = {
			isa = PBXNativeTarget;
			buildConfigurationList = FC43BA83228EB32900181337 /* Build configuration list for PBXNativeTarget "calmKit" */;
			buildPhases = (
				FC43BA6D228EB32800181337 /* Sources */,
				FC43BA6E228EB32800181337 /* Frameworks */,
				FC43BA6F228EB32800181337 /* Resources */,
			);
			buildRules = (
			);
			dependencies = (
			);
			name = calmKit;
			productName = calmKit;
			productReference = FC43BA71228EB32800181337 /* calmKit.app */;
			productType = "com.apple.product-type.application";
		};
/* End PBXNativeTarget section */

/* Begin PBXProject section */
		FC43BA69228EB32800181337 /* Project object */ = {
			isa = PBXProject;
			attributes = {
				LastSwiftUpdateCheck = 1020;
				LastUpgradeCheck = 1020;
				ORGANIZATIONNAME = "Jessica Jacob";
				TargetAttributes = {
					FC43BA70228EB32800181337 = {
						CreatedOnToolsVersion = 10.2.1;
					};
				};
			};
			buildConfigurationList = FC43BA6C228EB32800181337 /* Build configuration list for PBXProject "calmKit" */;
			compatibilityVersion = "Xcode 9.3";
			developmentRegion = en;
			hasScannedForEncodings = 0;
			knownRegions = (
				en,
				Base,
			);
			mainGroup = FC43BA68228EB32800181337;
			productRefGroup = FC43BA72228EB32800181337 /* Products */;
			projectDirPath = "";
			projectRoot = "";
			targets = (
				FC43BA70228EB32800181337 /* calmKit */,
			);
		};
/* End PBXProject section */

/* Begin PBXResourcesBuildPhase section */
		FC43BA6F228EB32800181337 /* Resources */ = {
			isa = PBXResourcesBuildPhase;
			buildActionMask = 2147483647;
			files = (
				FCAE8204229287CA0072D4B8 /* water.wav in Resources */,
				FCAE8203229287CA0072D4B8 /* bird.wav in Resources */,
				FCAE8201229287CA0072D4B8 /* wind.wav in Resources */,
				FC43BA7F228EB32900181337 /* LaunchScreen.storyboard in Resources */,
				FCAE8202229287CA0072D4B8 /* fireplace.wav in Resources */,
				FC43BA7C228EB32900181337 /* Assets.xcassets in Resources */,
				FC43BA7A228EB32800181337 /* Main.storyboard in Resources */,
				FCAE8200229287CA0072D4B8 /* lagu.mp3 in Resources */,
			);
			runOnlyForDeploymentPostprocessing = 0;
		};
/* End PBXResourcesBuildPhase section */

/* Begin PBXSourcesBuildPhase section */
		FC43BA6D228EB32800181337 /* Sources */ = {
			isa = PBXSourcesBuildPhase;
			buildActionMask = 2147483647;
			files = (
				FC43BA77228EB32800181337 /* ViewController.swift in Sources */,
				FC43BA75228EB32800181337 /* AppDelegate.swift in Sources */,
			);
			runOnlyForDeploymentPostprocessing = 0;
		};
/* End PBXSourcesBuildPhase section */

/* Begin PBXVariantGroup section */
		FC43BA78228EB32800181337 /* Main.storyboard */ = {
			isa = PBXVariantGroup;
			children = (
				FC43BA79228EB32800181337 /* Base */,
			);
			name = Main.storyboard;
			sourceTree = "<group>";
		};
		FC43BA7D228EB32900181337 /* LaunchScreen.storyboard */ = {
			isa = PBXVariantGroup;
			children = (
				FC43BA7E228EB32900181337 /* Base */,
			);
			name = LaunchScreen.storyboard;
			sourceTree = "<group>";
		};
/* End PBXVariantGroup section */

/* Begin XCBuildConfiguration section */
		FC43BA81228EB32900181337 /* Debug */ = {
			isa = XCBuildConfiguration;
			buildSettings = {
				ALWAYS_SEARCH_USER_PATHS = NO;
				CLANG_ANALYZER_NONNULL = YES;
				CLANG_ANALYZER_NUMBER_OBJECT_CONVERSION = YES_AGGRESSIVE;
				CLANG_CXX_LANGUAGE_STANDARD = "gnu++14";
				CLANG_CXX_LIBRARY = "libc++";
				CLANG_ENABLE_MODULES = YES;
				CLANG_ENABLE_OBJC_ARC = YES;
				CLANG_ENABLE_OBJC_WEAK = YES;
				CLANG_WARN_BLOCK_CAPTURE_AUTORELEASING = YES;
				CLANG_WARN_BOOL_CONVERSION = YES;
				CLANG_WARN_COMMA = YES;
				CLANG_WARN_CONSTANT_CONVERSION = YES;
				CLANG_WARN_DEPRECATED_OBJC_IMPLEMENTATIONS = YES;
				CLANG_WARN_DIRECT_OBJC_ISA_USAGE = YES_ERROR;
				CLANG_WARN_DOCUMENTATION_COMMENTS = YES;
				CLANG_WARN_EMPTY_BODY = YES;
				CLANG_WARN_ENUM_CONVERSION = YES;
				CLANG_WARN_INFINITE_RECURSION = YES;
				CLANG_WARN_INT_CONVERSION = YES;
				CLANG_WARN_NON_LITERAL_NULL_CONVERSION = YES;
				CLANG_WARN_OBJC_IMPLICIT_RETAIN_SELF = YES;
				CLANG_WARN_OBJC_LITERAL_CONVERSION = YES;
				CLANG_WARN_OBJC_ROOT_CLASS = YES_ERROR;
				CLANG_WARN_RANGE_LOOP_ANALYSIS = YES;
				CLANG_WARN_STRICT_PROTOTYPES = YES;
				CLANG_WARN_SUSPICIOUS_MOVE = YES;
				CLANG_WARN_UNGUARDED_AVAILABILITY = YES_AGGRESSIVE;
				CLANG_WARN_UNREACHABLE_CODE = YES;
				CLANG_WARN__DUPLICATE_METHOD_MATCH = YES;
				CODE_SIGN_IDENTITY = "iPhone Developer";
				COPY_PHASE_STRIP = NO;
				DEBUG_INFORMATION_FORMAT = dwarf;
				ENABLE_STRICT_OBJC_MSGSEND = YES;
				ENABLE_TESTABILITY = YES;
				GCC_C_LANGUAGE_STANDARD = gnu11;
				GCC_DYNAMIC_NO_PIC = NO;
				GCC_NO_COMMON_BLOCKS = YES;
				GCC_OPTIMIZATION_LEVEL = 0;
				GCC_PREPROCESSOR_DEFINITIONS = (
					"DEBUG=1",
					"$(inherited)",
				);
				GCC_WARN_64_TO_32_BIT_CONVERSION = YES;
				GCC_WARN_ABOUT_RETURN_TYPE = YES_ERROR;
				GCC_WARN_UNDECLARED_SELECTOR = YES;
				GCC_WARN_UNINITIALIZED_AUTOS = YES_AGGRESSIVE;
				GCC_WARN_UNUSED_FUNCTION = YES;
				GCC_WARN_UNUSED_VARIABLE = YES;
				IPHONEOS_DEPLOYMENT_TARGET = 12.2;
				MTL_ENABLE_DEBUG_INFO = INCLUDE_SOURCE;
				MTL_FAST_MATH = YES;
				ONLY_ACTIVE_ARCH = YES;
				SDKROOT = iphoneos;
				SWIFT_ACTIVE_COMPILATION_CONDITIONS = DEBUG;
				SWIFT_OPTIMIZATION_LEVEL = "-Onone";
			};
			name = Debug;
		};
		FC43BA82228EB32900181337 /* Release */ = {
			isa = XCBuildConfiguration;
			buildSettings = {
				ALWAYS_SEARCH_USER_PATHS = NO;
				CLANG_ANALYZER_NONNULL = YES;
				CLANG_ANALYZER_NUMBER_OBJECT_CONVERSION = YES_AGGRESSIVE;
				CLANG_CXX_LANGUAGE_STANDARD = "gnu++14";
				CLANG_CXX_LIBRARY = "libc++";
				CLANG_ENABLE_MODULES = YES;
				CLANG_ENABLE_OBJC_ARC = YES;
				CLANG_ENABLE_OBJC_WEAK = YES;
				CLANG_WARN_BLOCK_CAPTURE_AUTORELEASING = YES;
				CLANG_WARN_BOOL_CONVERSION = YES;
				CLANG_WARN_COMMA = YES;
				CLANG_WARN_CONSTANT_CONVERSION = YES;
				CLANG_WARN_DEPRECATED_OBJC_IMPLEMENTATIONS = YES;
				CLANG_WARN_DIRECT_OBJC_ISA_USAGE = YES_ERROR;
				CLANG_WARN_DOCUMENTATION_COMMENTS = YES;
				CLANG_WARN_EMPTY_BODY = YES;
				CLANG_WARN_ENUM_CONVERSION = YES;
				CLANG_WARN_INFINITE_RECURSION = YES;
				CLANG_WARN_INT_CONVERSION = YES;
				CLANG_WARN_NON_LITERAL_NULL_CONVERSION = YES;
				CLANG_WARN_OBJC_IMPLICIT_RETAIN_SELF = YES;
				CLANG_WARN_OBJC_LITERAL_CONVERSION = YES;
				CLANG_WARN_OBJC_ROOT_CLASS = YES_ERROR;
				CLANG_WARN_RANGE_LOOP_ANALYSIS = YES;
				CLANG_WARN_STRICT_PROTOTYPES = YES;
				CLANG_WARN_SUSPICIOUS_MOVE = YES;
				CLANG_WARN_UNGUARDED_AVAILABILITY = YES_AGGRESSIVE;
				CLANG_WARN_UNREACHABLE_CODE = YES;
				CLANG_WARN__DUPLICATE_METHOD_MATCH = YES;
				CODE_SIGN_IDENTITY = "iPhone Developer";
				COPY_PHASE_STRIP = NO;
				DEBUG_INFORMATION_FORMAT = "dwarf-with-dsym";
				ENABLE_NS_ASSERTIONS = NO;
				ENABLE_STRICT_OBJC_MSGSEND = YES;
				GCC_C_LANGUAGE_STANDARD = gnu11;
				GCC_NO_COMMON_BLOCKS = YES;
				GCC_WARN_64_TO_32_BIT_CONVERSION = YES;
				GCC_WARN_ABOUT_RETURN_TYPE = YES_ERROR;
				GCC_WARN_UNDECLARED_SELECTOR = YES;
				GCC_WARN_UNINITIALIZED_AUTOS = YES_AGGRESSIVE;
				GCC_WARN_UNUSED_FUNCTION = YES;
				GCC_WARN_UNUSED_VARIABLE = YES;
				IPHONEOS_DEPLOYMENT_TARGET = 12.2;
				MTL_ENABLE_DEBUG_INFO = NO;
				MTL_FAST_MATH = YES;
				SDKROOT = iphoneos;
				SWIFT_COMPILATION_MODE = wholemodule;
				SWIFT_OPTIMIZATION_LEVEL = "-O";
				VALIDATE_PRODUCT = YES;
			};
			name = Release;
		};
		FC43BA84228EB32900181337 /* Debug */ = {
			isa = XCBuildConfiguration;
			buildSettings = {
				ASSETCATALOG_COMPILER_APPICON_NAME = AppIcon;
				CODE_SIGN_STYLE = Automatic;
				INFOPLIST_FILE = calmKit/Info.plist;
				LD_RUNPATH_SEARCH_PATHS = (
					"$(inherited)",
					"@executable_path/Frameworks",
				);
				PRODUCT_BUNDLE_IDENTIFIER = apple.calmKit;
				PRODUCT_NAME = "$(TARGET_NAME)";
				SWIFT_VERSION = 5.0;
				TARGETED_DEVICE_FAMILY = "1,2";
			};
			name = Debug;
		};
		FC43BA85228EB32900181337 /* Release */ = {
			isa = XCBuildConfiguration;
			buildSettings = {
				ASSETCATALOG_COMPILER_APPICON_NAME = AppIcon;
				CODE_SIGN_STYLE = Automatic;
				INFOPLIST_FILE = calmKit/Info.plist;
				LD_RUNPATH_SEARCH_PATHS = (
					"$(inherited)",
					"@executable_path/Frameworks",
				);
				PRODUCT_BUNDLE_IDENTIFIER = apple.calmKit;
				PRODUCT_NAME = "$(TARGET_NAME)";
				SWIFT_VERSION = 5.0;
				TARGETED_DEVICE_FAMILY = "1,2";
			};
			name = Release;
		};
/* End XCBuildConfiguration section */

/* Begin XCConfigurationList section */
		FC43BA6C228EB32800181337 /* Build configuration list for PBXProject "calmKit" */ = {
			isa = XCConfigurationList;
			buildConfigurations = (
				FC43BA81228EB32900181337 /* Debug */,
				FC43BA82228EB32900181337 /* Release */,
			);
			defaultConfigurationIsVisible = 0;
			defaultConfigurationName = Release;
		};
		FC43BA83228EB32900181337 /* Build configuration list for PBXNativeTarget "calmKit" */ = {
			isa = XCConfigurationList;
			buildConfigurations = (
				FC43BA84228EB32900181337 /* Debug */,
				FC43BA85228EB32900181337 /* Release */,
			);
			defaultConfigurationIsVisible = 0;
			defaultConfigurationName = Release;
		};
/* End XCConfigurationList section */
	};
	rootObject = FC43BA69228EB32800181337 /* Project object */;
}
